// !$*UTF8*$!
{
	archiveVersion = 1;
	classes = {
	};
	objectVersion = 46;
	objects = {

/* Begin PBXBuildFile section */
		75EAEA2F1C089F37000B9322 /* main.m in Sources */ = {isa = PBXBuildFile; fileRef = 75EAEA2E1C089F37000B9322 /* main.m */; };
		75EAEA371C089F54000B9322 /* CREnumHelper.m in Sources */ = {isa = PBXBuildFile; fileRef = 75EAEA361C089F54000B9322 /* CREnumHelper.m */; };
/* End PBXBuildFile section */

/* Begin PBXCopyFilesBuildPhase section */
		75EAEA291C089F37000B9322 /* CopyFiles */ = {
			isa = PBXCopyFilesBuildPhase;
			buildActionMask = 2147483647;
			dstPath = /usr/share/man/man1/;
			dstSubfolderSpec = 0;
			files = (
			);
			runOnlyForDeploymentPostprocessing = 1;
		};
/* End PBXCopyFilesBuildPhase section */

/* Begin PBXFileReference section */
		75EAEA2B1C089F37000B9322 /* EnumToString */ = {isa = PBXFileReference; explicitFileType = "compiled.mach-o.executable"; includeInIndex = 0; path = EnumToString; sourceTree = BUILT_PRODUCTS_DIR; };
		75EAEA2E1C089F37000B9322 /* main.m */ = {isa = PBXFileReference; lastKnownFileType = sourcecode.c.objc; path = main.m; sourceTree = "<group>"; };
		75EAEA351C089F54000B9322 /* CREnumHelper.h */ = {isa = PBXFileReference; fileEncoding = 4; lastKnownFileType = sourcecode.c.h; path = CREnumHelper.h; sourceTree = "<group>"; };
		75EAEA361C089F54000B9322 /* CREnumHelper.m */ = {isa = PBXFileReference; fileEncoding = 4; lastKnownFileType = sourcecode.c.objc; path = CREnumHelper.m; sourceTree = "<group>"; };
/* End PBXFileReference section */

/* Begin PBXFrameworksBuildPhase section */
		75EAEA281C089F37000B9322 /* Frameworks */ = {
			isa = PBXFrameworksBuildPhase;
			buildActionMask = 2147483647;
			files = (
			);
			runOnlyForDeploymentPostprocessing = 0;
		};
/* End PBXFrameworksBuildPhase section */

/* Begin PBXGroup section */
		75EAEA221C089F37000B9322 = {
			isa = PBXGroup;
			children = (
				75EAEA2D1C089F37000B9322 /* EnumToString */,
				75EAEA2C1C089F37000B9322 /* Products */,
			);
			sourceTree = "<group>";
		};
		75EAEA2C1C089F37000B9322 /* Products */ = {
			isa = PBXGroup;
			children = (
				75EAEA2B1C089F37000B9322 /* EnumToString */,
			);
			name = Products;
			sourceTree = "<group>";
		};
		75EAEA2D1C089F37000B9322 /* EnumToString */ = {
			isa = PBXGroup;
			children = (
				75EAEA2E1C089F37000B9322 /* main.m */,
				75EAEA351C089F54000B9322 /* CREnumHelper.h */,
				75EAEA361C089F54000B9322 /* CREnumHelper.m */,
			);
			path = EnumToString;
			sourceTree = "<group>";
		};
/* End PBXGroup section */

/* Begin PBXNativeTarget section */
		75EAEA2A1C089F37000B9322 /* EnumToString */ = {
			isa = PBXNativeTarget;
			buildConfigurationList = 75EAEA321C089F37000B9322 /* Build configuration list for PBXNativeTarget "EnumToString" */;
			buildPhases = (
				75EAEA271C089F37000B9322 /* Sources */,
				75EAEA281C089F37000B9322 /* Frameworks */,
				75EAEA291C089F37000B9322 /* CopyFiles */,
			);
			buildRules = (
			);
			dependencies = (
			);
			name = EnumToString;
			productName = EnumToString;
			productReference = 75EAEA2B1C089F37000B9322 /* EnumToString */;
			productType = "com.apple.product-type.tool";
		};
/* End PBXNativeTarget section */

/* Begin PBXProject section */
		75EAEA231C089F37000B9322 /* Project object */ = {
			isa = PBXProject;
			attributes = {
				LastUpgradeCheck = 0710;
				ORGANIZATIONNAME = Corotata;
				TargetAttributes = {
					75EAEA2A1C089F37000B9322 = {
						CreatedOnToolsVersion = 7.1;
					};
				};
			};
			buildConfigurationList = 75EAEA261C089F37000B9322 /* Build configuration list for PBXProject "EnumToString" */;
			compatibilityVersion = "Xcode 3.2";
			developmentRegion = English;
			hasScannedForEncodings = 0;
			knownRegions = (
				en,
			);
			mainGroup = 75EAEA221C089F37000B9322;
			productRefGroup = 75EAEA2C1C089F37000B9322 /* Products */;
			projectDirPath = "";
			projectRoot = "";
			targets = (
				75EAEA2A1C089F37000B9322 /* EnumToString */,
			);
		};
/* End PBXProject section */

/* Begin PBXSourcesBuildPhase section */
		75EAEA271C089F37000B9322 /* Sources */ = {
			isa = PBXSourcesBuildPhase;
			buildActionMask = 2147483647;
			files = (
				75EAEA2F1C089F37000B9322 /* main.m in Sources */,
				75EAEA371C089F54000B9322 /* CREnumHelper.m in Sources */,
			);
			runOnlyForDeploymentPostprocessing = 0;
		};
/* End PBXSourcesBuildPhase section */

/* Begin XCBuildConfiguration section */
		75EAEA301C089F37000B9322 /* Debug */ = {
			isa = XCBuildConfiguration;
			buildSettings = {
				ALWAYS_SEARCH_USER_PATHS = NO;
				CLANG_CXX_LANGUAGE_STANDARD = "gnu++0x";
				CLANG_CXX_LIBRARY = "libc++";
				CLANG_ENABLE_MODULES = YES;
				CLANG_ENABLE_OBJC_ARC = YES;
				CLANG_WARN_BOOL_CONVERSION = YES;
				CLANG_WARN_CONSTANT_CONVERSION = YES;
				CLANG_WARN_DIRECT_OBJC_ISA_USAGE = YES_ERROR;
				CLANG_WARN_EMPTY_BODY = YES;
				CLANG_WARN_ENUM_CONVERSION = YES;
				CLANG_WARN_INT_CONVERSION = YES;
				CLANG_WARN_OBJC_ROOT_CLASS = YES_ERROR;
				CLANG_WARN_UNREACHABLE_CODE = YES;
				CLANG_WARN__DUPLICATE_METHOD_MATCH = YES;
				CODE_SIGN_IDENTITY = "-";
				COPY_PHASE_STRIP = NO;
				DEBUG_INFORMATION_FORMAT = dwarf;
				ENABLE_STRICT_OBJC_MSGSEND = YES;
				ENABLE_TESTABILITY = YES;
				GCC_C_LANGUAGE_STANDARD = gnu99;
				GCC_DYNAMIC_NO_PIC = NO;
				GCC_NO_COMMON_BLOCKS = YES;
				GCC_OPTIMIZATION_LEVEL = 0;
				GCC_PREPROCESSOR_DEFINITIONS = (
					"DEBUG=1",
					"$(inherited)",
				);
				GCC_WARN_64_TO_32_BIT_CONVERSION = YES;
				GCC_WARN_ABOUT_RETURN_TYPE = YES_ERROR;
				GCC_WARN_UNDECLARED_SELECTOR = YES;
				GCC_WARN_UNINITIALIZED_AUTOS = YES_AGGRESSIVE;
				GCC_WARN_UNUSED_FUNCTION = YES;
				GCC_WARN_UNUSED_VARIABLE = YES;
				MACOSX_DEPLOYMENT_TARGET = 10.11;
				MTL_ENABLE_DEBUG_INFO = YES;
				ONLY_ACTIVE_ARCH = YES;
				SDKROOT = macosx;
			};
			name = Debug;
		};
		75EAEA311C089F37000B9322 /* Release */ = {
			isa = XCBuildConfiguration;
			buildSettings = {
				ALWAYS_SEARCH_USER_PATHS = NO;
				CLANG_CXX_LANGUAGE_STANDARD = "gnu++0x";
				CLANG_CXX_LIBRARY = "libc++";
				CLANG_ENABLE_MODULES = YES;
				CLANG_ENABLE_OBJC_ARC = YES;
				CLANG_WARN_BOOL_CONVERSION = YES;
				CLANG_WARN_CONSTANT_CONVERSION = YES;
				CLANG_WARN_DIRECT_OBJC_ISA_USAGE = YES_ERROR;
				CLANG_WARN_EMPTY_BODY = YES;
				CLANG_WARN_ENUM_CONVERSION = YES;
				CLANG_WARN_INT_CONVERSION = YES;
				CLANG_WARN_OBJC_ROOT_CLASS = YES_ERROR;
				CLANG_WARN_UNREACHABLE_CODE = YES;
				CLANG_WARN__DUPLICATE_METHOD_MATCH = YES;
				CODE_SIGN_IDENTITY = "-";
				COPY_PHASE_STRIP = NO;
				DEBUG_INFORMATION_FORMAT = "dwarf-with-dsym";
				ENABLE_NS_ASSERTIONS = NO;
				ENABLE_STRICT_OBJC_MSGSEND = YES;
				GCC_C_LANGUAGE_STANDARD = gnu99;
				GCC_NO_COMMON_BLOCKS = YES;
				GCC_WARN_64_TO_32_BIT_CONVERSION = YES;
				GCC_WARN_ABOUT_RETURN_TYPE = YES_ERROR;
				GCC_WARN_UNDECLARED_SELECTOR = YES;
				GCC_WARN_UNINITIALIZED_AUTOS = YES_AGGRESSIVE;
				GCC_WARN_UNUSED_FUNCTION = YES;
				GCC_WARN_UNUSED_VARIABLE = YES;
				MACOSX_DEPLOYMENT_TARGET = 10.11;
				MTL_ENABLE_DEBUG_INFO = NO;
				SDKROOT = macosx;
			};
			name = Release;
		};
		75EAEA331C089F37000B9322 /* Debug */ = {
			isa = XCBuildConfiguration;
			buildSettings = {
				PRODUCT_NAME = "$(TARGET_NAME)";
			};
			name = Debug;
		};
		75EAEA341C089F37000B9322 /* Release */ = {
			isa = XCBuildConfiguration;
			buildSettings = {
				PRODUCT_NAME = "$(TARGET_NAME)";
			};
			name = Release;
		};
/* End XCBuildConfiguration section */

/* Begin XCConfigurationList section */
		75EAEA261C089F37000B9322 /* Build configuration list for PBXProject "EnumToString" */ = {
			isa = XCConfigurationList;
			buildConfigurations = (
				75EAEA301C089F37000B9322 /* Debug */,
				75EAEA311C089F37000B9322 /* Release */,
			);
			defaultConfigurationIsVisible = 0;
			defaultConfigurationName = Release;
		};
		75EAEA321C089F37000B9322 /* Build configuration list for PBXNativeTarget "EnumToString" */ = {
			isa = XCConfigurationList;
			buildConfigurations = (
				75EAEA331C089F37000B9322 /* Debug */,
				75EAEA341C089F37000B9322 /* Release */,
			);
			defaultConfigurationIsVisible = 0;
		};
/* End XCConfigurationList section */
	};
	rootObject = 75EAEA231C089F37000B9322 /* Project object */;
}
